// !$*UTF8*$!
{
	archiveVersion = 1;
	classes = {
	};
	objectVersion = 77;
	objects = {

/* Begin PBXBuildFile section */
		8945D64A2F0855E1000314E6 /* Hub in Frameworks */ = {isa = PBXBuildFile; productRef = 8945D6492F0855E1000314E6 /* Hub */; };
		8945D64C2F0855E1000314E6 /* Tokenizers in Frameworks */ = {isa = PBXBuildFile; productRef = 8945D64B2F0855E1000314E6 /* Tokenizers */; };
		8945D64E2F0855E1000314E6 /* Transformers in Frameworks */ = {isa = PBXBuildFile; productRef = 8945D64D2F0855E1000314E6 /* Transformers */; };
		89F773A12F03C7B900FBF677 /* MLX in Frameworks */ = {isa = PBXBuildFile; productRef = 89F773A02F03C7B900FBF677 /* MLX */; };
		89F773A42F03C7D800FBF677 /* MLXLLM in Frameworks */ = {isa = PBXBuildFile; productRef = 89F773A32F03C7D800FBF677 /* MLXLLM */; };
		89F774272F05205600FBF677 /* MLXEmbedders in Frameworks */ = {isa = PBXBuildFile; productRef = 89F774262F05205600FBF677 /* MLXEmbedders */; };
/* End PBXBuildFile section */

/* Begin PBXFileReference section */
		8989667C2EF5D64500E8D183 /* PromptLocal.app */ = {isa = PBXFileReference; explicitFileType = wrapper.application; includeInIndex = 0; path = PromptLocal.app; sourceTree = BUILT_PRODUCTS_DIR; };
/* End PBXFileReference section */

/* Begin PBXFileSystemSynchronizedRootGroup section */
		8989667E2EF5D64500E8D183 /* PromptLocal */ = {
			isa = PBXFileSystemSynchronizedRootGroup;
			explicitFolders = (
				"Models/bert-tokenizer",
				"Models/qwen2.5-3b-4bit",
			);
			path = PromptLocal;
			sourceTree = "<group>";
		};
/* End PBXFileSystemSynchronizedRootGroup section */

/* Begin PBXFrameworksBuildPhase section */
		898966792EF5D64500E8D183 /* Frameworks */ = {
			isa = PBXFrameworksBuildPhase;
			buildActionMask = 2147483647;
			files = (
				8945D64E2F0855E1000314E6 /* Transformers in Frameworks */,
				89F773A42F03C7D800FBF677 /* MLXLLM in Frameworks */,
				89F773A12F03C7B900FBF677 /* MLX in Frameworks */,
				8945D64A2F0855E1000314E6 /* Hub in Frameworks */,
				89F774272F05205600FBF677 /* MLXEmbedders in Frameworks */,
				8945D64C2F0855E1000314E6 /* Tokenizers in Frameworks */,
			);
			runOnlyForDeploymentPostprocessing = 0;
		};
/* End PBXFrameworksBuildPhase section */

/* Begin PBXGroup section */
		898966732EF5D64500E8D183 = {
			isa = PBXGroup;
			children = (
				8989667E2EF5D64500E8D183 /* PromptLocal */,
				8989667D2EF5D64500E8D183 /* Products */,
			);
			sourceTree = "<group>";
		};
		8989667D2EF5D64500E8D183 /* Products */ = {
			isa = PBXGroup;
			children = (
				8989667C2EF5D64500E8D183 /* PromptLocal.app */,
			);
			name = Products;
			sourceTree = "<group>";
		};
/* End PBXGroup section */

/* Begin PBXNativeTarget section */
		8989667B2EF5D64500E8D183 /* PromptLocal */ = {
			isa = PBXNativeTarget;
			buildConfigurationList = 898966882EF5D64700E8D183 /* Build configuration list for PBXNativeTarget "PromptLocal" */;
			buildPhases = (
				898966782EF5D64500E8D183 /* Sources */,
				898966792EF5D64500E8D183 /* Frameworks */,
				8989667A2EF5D64500E8D183 /* Resources */,
			);
			buildRules = (
			);
			dependencies = (
			);
			fileSystemSynchronizedGroups = (
				8989667E2EF5D64500E8D183 /* PromptLocal */,
			);
			name = PromptLocal;
			packageProductDependencies = (
				89F773A02F03C7B900FBF677 /* MLX */,
				89F773A32F03C7D800FBF677 /* MLXLLM */,
				89F774262F05205600FBF677 /* MLXEmbedders */,
				8945D6492F0855E1000314E6 /* Hub */,
				8945D64B2F0855E1000314E6 /* Tokenizers */,
				8945D64D2F0855E1000314E6 /* Transformers */,
			);
			productName = PromptLocal;
			productReference = 8989667C2EF5D64500E8D183 /* PromptLocal.app */;
			productType = "com.apple.product-type.application";
		};
/* End PBXNativeTarget section */

/* Begin PBXProject section */
		898966742EF5D64500E8D183 /* Project object */ = {
			isa = PBXProject;
			attributes = {
				BuildIndependentTargetsInParallel = 1;
				LastSwiftUpdateCheck = 1640;
				LastUpgradeCheck = 1640;
				TargetAttributes = {
					8989667B2EF5D64500E8D183 = {
						CreatedOnToolsVersion = 16.4;
					};
				};
			};
			buildConfigurationList = 898966772EF5D64500E8D183 /* Build configuration list for PBXProject "PromptLocal" */;
			developmentRegion = en;
			hasScannedForEncodings = 0;
			knownRegions = (
				en,
				Base,
			);
			mainGroup = 898966732EF5D64500E8D183;
			minimizedProjectReferenceProxies = 1;
			packageReferences = (
				89F7739F2F03C7B900FBF677 /* XCRemoteSwiftPackageReference "mlx-swift" */,
				89F773A22F03C7D800FBF677 /* XCRemoteSwiftPackageReference "mlx-swift-lm" */,
				8945D6482F0855E1000314E6 /* XCRemoteSwiftPackageReference "swift-transformers" */,
			);
			preferredProjectObjectVersion = 77;
			productRefGroup = 8989667D2EF5D64500E8D183 /* Products */;
			projectDirPath = "";
			projectRoot = "";
			targets = (
				8989667B2EF5D64500E8D183 /* PromptLocal */,
			);
		};
/* End PBXProject section */

/* Begin PBXResourcesBuildPhase section */
		8989667A2EF5D64500E8D183 /* Resources */ = {
			isa = PBXResourcesBuildPhase;
			buildActionMask = 2147483647;
			files = (
			);
			runOnlyForDeploymentPostprocessing = 0;
		};
/* End PBXResourcesBuildPhase section */

/* Begin PBXSourcesBuildPhase section */
		898966782EF5D64500E8D183 /* Sources */ = {
			isa = PBXSourcesBuildPhase;
			buildActionMask = 2147483647;
			files = (
			);
			runOnlyForDeploymentPostprocessing = 0;
		};
/* End PBXSourcesBuildPhase section */

/* Begin XCBuildConfiguration section */
		898966862EF5D64700E8D183 /* Debug */ = {
			isa = XCBuildConfiguration;
			buildSettings = {
				ALWAYS_SEARCH_USER_PATHS = NO;
				ASSETCATALOG_COMPILER_GENERATE_SWIFT_ASSET_SYMBOL_EXTENSIONS = YES;
				CLANG_ANALYZER_NONNULL = YES;
				CLANG_ANALYZER_NUMBER_OBJECT_CONVERSION = YES_AGGRESSIVE;
				CLANG_CXX_LANGUAGE_STANDARD = "gnu++20";
				CLANG_ENABLE_MODULES = YES;
				CLANG_ENABLE_OBJC_ARC = YES;
				CLANG_ENABLE_OBJC_WEAK = YES;
				CLANG_WARN_BLOCK_CAPTURE_AUTORELEASING = YES;
				CLANG_WARN_BOOL_CONVERSION = YES;
				CLANG_WARN_COMMA = YES;
				CLANG_WARN_CONSTANT_CONVERSION = YES;
				CLANG_WARN_DEPRECATED_OBJC_IMPLEMENTATIONS = YES;
				CLANG_WARN_DIRECT_OBJC_ISA_USAGE = YES_ERROR;
				CLANG_WARN_DOCUMENTATION_COMMENTS = YES;
				CLANG_WARN_EMPTY_BODY = YES;
				CLANG_WARN_ENUM_CONVERSION = YES;
				CLANG_WARN_INFINITE_RECURSION = YES;
				CLANG_WARN_INT_CONVERSION = YES;
				CLANG_WARN_NON_LITERAL_NULL_CONVERSION = YES;
				CLANG_WARN_OBJC_IMPLICIT_RETAIN_SELF = YES;
				CLANG_WARN_OBJC_LITERAL_CONVERSION = YES;
				CLANG_WARN_OBJC_ROOT_CLASS = YES_ERROR;
				CLANG_WARN_QUOTED_INCLUDE_IN_FRAMEWORK_HEADER = YES;
				CLANG_WARN_RANGE_LOOP_ANALYSIS = YES;
				CLANG_WARN_STRICT_PROTOTYPES = YES;
				CLANG_WARN_SUSPICIOUS_MOVE = YES;
				CLANG_WARN_UNGUARDED_AVAILABILITY = YES_AGGRESSIVE;
				CLANG_WARN_UNREACHABLE_CODE = YES;
				CLANG_WARN__DUPLICATE_METHOD_MATCH = YES;
				COPY_PHASE_STRIP = NO;
				DEBUG_INFORMATION_FORMAT = dwarf;
				DEVELOPMENT_TEAM = 5Q3MB75L4L;
				ENABLE_STRICT_OBJC_MSGSEND = YES;
				ENABLE_TESTABILITY = YES;
				ENABLE_USER_SCRIPT_SANDBOXING = YES;
				GCC_C_LANGUAGE_STANDARD = gnu17;
				GCC_DYNAMIC_NO_PIC = NO;
				GCC_NO_COMMON_BLOCKS = YES;
				GCC_OPTIMIZATION_LEVEL = 0;
				GCC_PREPROCESSOR_DEFINITIONS = (
					"DEBUG=1",
					"$(inherited)",
				);
				GCC_WARN_64_TO_32_BIT_CONVERSION = YES;
				GCC_WARN_ABOUT_RETURN_TYPE = YES_ERROR;
				GCC_WARN_UNDECLARED_SELECTOR = YES;
				GCC_WARN_UNINITIALIZED_AUTOS = YES_AGGRESSIVE;
				GCC_WARN_UNUSED_FUNCTION = YES;
				GCC_WARN_UNUSED_VARIABLE = YES;
				LOCALIZATION_PREFERS_STRING_CATALOGS = YES;
				MACOSX_DEPLOYMENT_TARGET = 15.5;
				MTL_ENABLE_DEBUG_INFO = INCLUDE_SOURCE;
				MTL_FAST_MATH = YES;
				ONLY_ACTIVE_ARCH = YES;
				SDKROOT = macosx;
				SWIFT_ACTIVE_COMPILATION_CONDITIONS = "DEBUG $(inherited)";
				SWIFT_OPTIMIZATION_LEVEL = "-Onone";
			};
			name = Debug;
		};
		898966872EF5D64700E8D183 /* Release */ = {
			isa = XCBuildConfiguration;
			buildSettings = {
				ALWAYS_SEARCH_USER_PATHS = NO;
				ASSETCATALOG_COMPILER_GENERATE_SWIFT_ASSET_SYMBOL_EXTENSIONS = YES;
				CLANG_ANALYZER_NONNULL = YES;
				CLANG_ANALYZER_NUMBER_OBJECT_CONVERSION = YES_AGGRESSIVE;
				CLANG_CXX_LANGUAGE_STANDARD = "gnu++20";
				CLANG_ENABLE_MODULES = YES;
				CLANG_ENABLE_OBJC_ARC = YES;
				CLANG_ENABLE_OBJC_WEAK = YES;
				CLANG_WARN_BLOCK_CAPTURE_AUTORELEASING = YES;
				CLANG_WARN_BOOL_CONVERSION = YES;
				CLANG_WARN_COMMA = YES;
				CLANG_WARN_CONSTANT_CONVERSION = YES;
				CLANG_WARN_DEPRECATED_OBJC_IMPLEMENTATIONS = YES;
				CLANG_WARN_DIRECT_OBJC_ISA_USAGE = YES_ERROR;
				CLANG_WARN_DOCUMENTATION_COMMENTS = YES;
				CLANG_WARN_EMPTY_BODY = YES;
				CLANG_WARN_ENUM_CONVERSION = YES;
				CLANG_WARN_INFINITE_RECURSION = YES;
				CLANG_WARN_INT_CONVERSION = YES;
				CLANG_WARN_NON_LITERAL_NULL_CONVERSION = YES;
				CLANG_WARN_OBJC_IMPLICIT_RETAIN_SELF = YES;
				CLANG_WARN_OBJC_LITERAL_CONVERSION = YES;
				CLANG_WARN_OBJC_ROOT_CLASS = YES_ERROR;
				CLANG_WARN_QUOTED_INCLUDE_IN_FRAMEWORK_HEADER = YES;
				CLANG_WARN_RANGE_LOOP_ANALYSIS = YES;
				CLANG_WARN_STRICT_PROTOTYPES = YES;
				CLANG_WARN_SUSPICIOUS_MOVE = YES;
				CLANG_WARN_UNGUARDED_AVAILABILITY = YES_AGGRESSIVE;
				CLANG_WARN_UNREACHABLE_CODE = YES;
				CLANG_WARN__DUPLICATE_METHOD_MATCH = YES;
				COPY_PHASE_STRIP = NO;
				DEBUG_INFORMATION_FORMAT = "dwarf-with-dsym";
				DEVELOPMENT_TEAM = 5Q3MB75L4L;
				ENABLE_NS_ASSERTIONS = NO;
				ENABLE_STRICT_OBJC_MSGSEND = YES;
				ENABLE_USER_SCRIPT_SANDBOXING = YES;
				GCC_C_LANGUAGE_STANDARD = gnu17;
				GCC_NO_COMMON_BLOCKS = YES;
				GCC_WARN_64_TO_32_BIT_CONVERSION = YES;
				GCC_WARN_ABOUT_RETURN_TYPE = YES_ERROR;
				GCC_WARN_UNDECLARED_SELECTOR = YES;
				GCC_WARN_UNINITIALIZED_AUTOS = YES_AGGRESSIVE;
				GCC_WARN_UNUSED_FUNCTION = YES;
				GCC_WARN_UNUSED_VARIABLE = YES;
				LOCALIZATION_PREFERS_STRING_CATALOGS = YES;
				MACOSX_DEPLOYMENT_TARGET = 15.5;
				MTL_ENABLE_DEBUG_INFO = NO;
				MTL_FAST_MATH = YES;
				SDKROOT = macosx;
				SWIFT_COMPILATION_MODE = wholemodule;
			};
			name = Release;
		};
		898966892EF5D64700E8D183 /* Debug */ = {
			isa = XCBuildConfiguration;
			buildSettings = {
				ASSETCATALOG_COMPILER_APPICON_NAME = AppIcon;
				ASSETCATALOG_COMPILER_GLOBAL_ACCENT_COLOR_NAME = AccentColor;
				CODE_SIGN_ENTITLEMENTS = PromptLocal/PromptLocal.entitlements;
				CODE_SIGN_STYLE = Automatic;
				COMBINE_HIDPI_IMAGES = YES;
				CURRENT_PROJECT_VERSION = 1;
				DEVELOPMENT_TEAM = 5Q3MB75L4L;
				ENABLE_HARDENED_RUNTIME = YES;
				ENABLE_PREVIEWS = YES;
				GENERATE_INFOPLIST_FILE = YES;
				INFOPLIST_KEY_NSHumanReadableCopyright = "";
				LD_RUNPATH_SEARCH_PATHS = (
					"$(inherited)",
					"@executable_path/../Frameworks",
				);
				MARKETING_VERSION = 1.0;
				PRODUCT_BUNDLE_IDENTIFIER = com.bambooLocal.PromptLocal;
				PRODUCT_NAME = "$(TARGET_NAME)";
				REGISTER_APP_GROUPS = YES;
				SWIFT_EMIT_LOC_STRINGS = YES;
				SWIFT_VERSION = 5.0;
			};
			name = Debug;
		};
		8989668A2EF5D64700E8D183 /* Release */ = {
			isa = XCBuildConfiguration;
			buildSettings = {
				ASSETCATALOG_COMPILER_APPICON_NAME = AppIcon;
				ASSETCATALOG_COMPILER_GLOBAL_ACCENT_COLOR_NAME = AccentColor;
				CODE_SIGN_ENTITLEMENTS = PromptLocal/PromptLocal.entitlements;
				CODE_SIGN_STYLE = Automatic;
				COMBINE_HIDPI_IMAGES = YES;
				CURRENT_PROJECT_VERSION = 1;
				DEVELOPMENT_TEAM = 5Q3MB75L4L;
				ENABLE_HARDENED_RUNTIME = YES;
				ENABLE_PREVIEWS = YES;
				GENERATE_INFOPLIST_FILE = YES;
				INFOPLIST_KEY_NSHumanReadableCopyright = "";
				LD_RUNPATH_SEARCH_PATHS = (
					"$(inherited)",
					"@executable_path/../Frameworks",
				);
				MARKETING_VERSION = 1.0;
				PRODUCT_BUNDLE_IDENTIFIER = com.bambooLocal.PromptLocal;
				PRODUCT_NAME = "$(TARGET_NAME)";
				REGISTER_APP_GROUPS = YES;
				SWIFT_EMIT_LOC_STRINGS = YES;
				SWIFT_VERSION = 5.0;
			};
			name = Release;
		};
/* End XCBuildConfiguration section */

/* Begin XCConfigurationList section */
		898966772EF5D64500E8D183 /* Build configuration list for PBXProject "PromptLocal" */ = {
			isa = XCConfigurationList;
			buildConfigurations = (
				898966862EF5D64700E8D183 /* Debug */,
				898966872EF5D64700E8D183 /* Release */,
			);
			defaultConfigurationIsVisible = 0;
			defaultConfigurationName = Release;
		};
		898966882EF5D64700E8D183 /* Build configuration list for PBXNativeTarget "PromptLocal" */ = {
			isa = XCConfigurationList;
			buildConfigurations = (
				898966892EF5D64700E8D183 /* Debug */,
				8989668A2EF5D64700E8D183 /* Release */,
			);
			defaultConfigurationIsVisible = 0;
			defaultConfigurationName = Release;
		};
/* End XCConfigurationList section */

/* Begin XCRemoteSwiftPackageReference section */
		8945D6482F0855E1000314E6 /* XCRemoteSwiftPackageReference "swift-transformers" */ = {
			isa = XCRemoteSwiftPackageReference;
			repositoryURL = "https://github.com/huggingface/swift-transformers";
			requirement = {
				kind = upToNextMajorVersion;
				minimumVersion = 1.1.6;
			};
		};
		89F7739F2F03C7B900FBF677 /* XCRemoteSwiftPackageReference "mlx-swift" */ = {
			isa = XCRemoteSwiftPackageReference;
			repositoryURL = "https://github.com/ml-explore/mlx-swift";
			requirement = {
				kind = upToNextMajorVersion;
				minimumVersion = 0.29.1;
			};
		};
		89F773A22F03C7D800FBF677 /* XCRemoteSwiftPackageReference "mlx-swift-lm" */ = {
			isa = XCRemoteSwiftPackageReference;
			repositoryURL = "https://github.com/ml-explore/mlx-swift-lm";
			requirement = {
				kind = upToNextMajorVersion;
				minimumVersion = 2.29.2;
			};
		};
/* End XCRemoteSwiftPackageReference section */

/* Begin XCSwiftPackageProductDependency section */
		8945D6492F0855E1000314E6 /* Hub */ = {
			isa = XCSwiftPackageProductDependency;
			package = 8945D6482F0855E1000314E6 /* XCRemoteSwiftPackageReference "swift-transformers" */;
			productName = Hub;
		};
		8945D64B2F0855E1000314E6 /* Tokenizers */ = {
			isa = XCSwiftPackageProductDependency;
			package = 8945D6482F0855E1000314E6 /* XCRemoteSwiftPackageReference "swift-transformers" */;
			productName = Tokenizers;
		};
		8945D64D2F0855E1000314E6 /* Transformers */ = {
			isa = XCSwiftPackageProductDependency;
			package = 8945D6482F0855E1000314E6 /* XCRemoteSwiftPackageReference "swift-transformers" */;
			productName = Transformers;
		};
		89F773A02F03C7B900FBF677 /* MLX */ = {
			isa = XCSwiftPackageProductDependency;
			package = 89F7739F2F03C7B900FBF677 /* XCRemoteSwiftPackageReference "mlx-swift" */;
			productName = MLX;
		};
		89F773A32F03C7D800FBF677 /* MLXLLM */ = {
			isa = XCSwiftPackageProductDependency;
			package = 89F773A22F03C7D800FBF677 /* XCRemoteSwiftPackageReference "mlx-swift-lm" */;
			productName = MLXLLM;
		};
		89F774262F05205600FBF677 /* MLXEmbedders */ = {
			isa = XCSwiftPackageProductDependency;
			package = 89F773A22F03C7D800FBF677 /* XCRemoteSwiftPackageReference "mlx-swift-lm" */;
			productName = MLXEmbedders;
		};
/* End XCSwiftPackageProductDependency section */
	};
	rootObject = 898966742EF5D64500E8D183 /* Project object */;
}
